
Microsoft Visual Studio Solution File, Format Version 12.00
# Visual Studio 15
VisualStudioVersion = 15.0.26124.0
MinimumVisualStudioVersion = 15.0.26124.0
Project("{FAE04EC0-301F-11D3-BF4B-00C04F79EFBC}") = "PracticePizza.Client", "PracticePizza.Client\PracticePizza.Client.csproj", "{8445F3C4-D5E5-4908-A77F-102C3C4A08E8}"
EndProject
Project("{FAE04EC0-301F-11D3-BF4B-00C04F79EFBC}") = "PracticePizza.Domain", "PracticePizza.Domain\PracticePizza.Domain.csproj", "{870FD018-A784-400F-87A8-073075CA2872}"
EndProject
Project("{FAE04EC0-301F-11D3-BF4B-00C04F79EFBC}") = "PracticePizza.Testing", "PracticePizza.Testing\PracticePizza.Testing.csproj", "{C88145CC-FA05-4991-9636-3C0316276A91}"
EndProject
Global
	GlobalSection(SolutionConfigurationPlatforms) = preSolution
		Debug|Any CPU = Debug|Any CPU
		Debug|x64 = Debug|x64
		Debug|x86 = Debug|x86
		Release|Any CPU = Release|Any CPU
		Release|x64 = Release|x64
		Release|x86 = Release|x86
	EndGlobalSection
	GlobalSection(SolutionProperties) = preSolution
		HideSolutionNode = FALSE
	EndGlobalSection
	GlobalSection(ProjectConfigurationPlatforms) = postSolution
		{8445F3C4-D5E5-4908-A77F-102C3C4A08E8}.Debug|Any CPU.ActiveCfg = Debug|Any CPU
		{8445F3C4-D5E5-4908-A77F-102C3C4A08E8}.Debug|Any CPU.Build.0 = Debug|Any CPU
		{8445F3C4-D5E5-4908-A77F-102C3C4A08E8}.Debug|x64.ActiveCfg = Debug|Any CPU
		{8445F3C4-D5E5-4908-A77F-102C3C4A08E8}.Debug|x64.Build.0 = Debug|Any CPU
		{8445F3C4-D5E5-4908-A77F-102C3C4A08E8}.Debug|x86.ActiveCfg = Debug|Any CPU
		{8445F3C4-D5E5-4908-A77F-102C3C4A08E8}.Debug|x86.Build.0 = Debug|Any CPU
		{8445F3C4-D5E5-4908-A77F-102C3C4A08E8}.Release|Any CPU.ActiveCfg = Release|Any CPU
		{8445F3C4-D5E5-4908-A77F-102C3C4A08E8}.Release|Any CPU.Build.0 = Release|Any CPU
		{8445F3C4-D5E5-4908-A77F-102C3C4A08E8}.Release|x64.ActiveCfg = Release|Any CPU
		{8445F3C4-D5E5-4908-A77F-102C3C4A08E8}.Release|x64.Build.0 = Release|Any CPU
		{8445F3C4-D5E5-4908-A77F-102C3C4A08E8}.Release|x86.ActiveCfg = Release|Any CPU
		{8445F3C4-D5E5-4908-A77F-102C3C4A08E8}.Release|x86.Build.0 = Release|Any CPU
		{870FD018-A784-400F-87A8-073075CA2872}.Debug|Any CPU.ActiveCfg = Debug|Any CPU
		{870FD018-A784-400F-87A8-073075CA2872}.Debug|Any CPU.Build.0 = Debug|Any CPU
		{870FD018-A784-400F-87A8-073075CA2872}.Debug|x64.ActiveCfg = Debug|Any CPU
		{870FD018-A784-400F-87A8-073075CA2872}.Debug|x64.Build.0 = Debug|Any CPU
		{870FD018-A784-400F-87A8-073075CA2872}.Debug|x86.ActiveCfg = Debug|Any CPU
		{870FD018-A784-400F-87A8-073075CA2872}.Debug|x86.Build.0 = Debug|Any CPU
		{870FD018-A784-400F-87A8-073075CA2872}.Release|Any CPU.ActiveCfg = Release|Any CPU
		{870FD018-A784-400F-87A8-073075CA2872}.Release|Any CPU.Build.0 = Release|Any CPU
		{870FD018-A784-400F-87A8-073075CA2872}.Release|x64.ActiveCfg = Release|Any CPU
		{870FD018-A784-400F-87A8-073075CA2872}.Release|x64.Build.0 = Release|Any CPU
		{870FD018-A784-400F-87A8-073075CA2872}.Release|x86.ActiveCfg = Release|Any CPU
		{870FD018-A784-400F-87A8-073075CA2872}.Release|x86.Build.0 = Release|Any CPU
		{C88145CC-FA05-4991-9636-3C0316276A91}.Debug|Any CPU.ActiveCfg = Debug|Any CPU
		{C88145CC-FA05-4991-9636-3C0316276A91}.Debug|Any CPU.Build.0 = Debug|Any CPU
		{C88145CC-FA05-4991-9636-3C0316276A91}.Debug|x64.ActiveCfg = Debug|Any CPU
		{C88145CC-FA05-4991-9636-3C0316276A91}.Debug|x64.Build.0 = Debug|Any CPU
		{C88145CC-FA05-4991-9636-3C0316276A91}.Debug|x86.ActiveCfg = Debug|Any CPU
		{C88145CC-FA05-4991-9636-3C0316276A91}.Debug|x86.Build.0 = Debug|Any CPU
		{C88145CC-FA05-4991-9636-3C0316276A91}.Release|Any CPU.ActiveCfg = Release|Any CPU
		{C88145CC-FA05-4991-9636-3C0316276A91}.Release|Any CPU.Build.0 = Release|Any CPU
		{C88145CC-FA05-4991-9636-3C0316276A91}.Release|x64.ActiveCfg = Release|Any CPU
		{C88145CC-FA05-4991-9636-3C0316276A91}.Release|x64.Build.0 = Release|Any CPU
		{C88145CC-FA05-4991-9636-3C0316276A91}.Release|x86.ActiveCfg = Release|Any CPU
		{C88145CC-FA05-4991-9636-3C0316276A91}.Release|x86.Build.0 = Release|Any CPU
	EndGlobalSection
EndGlobal
